
Microsoft Visual Studio Solution File, Format Version 12.00
# Visual Studio Version 16
VisualStudioVersion = 16.0.31313.79
MinimumVisualStudioVersion = 10.0.40219.1
Project("{FAE04EC0-301F-11D3-BF4B-00C04F79EFBC}") = "MatchResults", "MatchResults\MatchResults.csproj", "{058E40F6-2A90-41B6-B560-DF3247249B4F}"
EndProject
Global
	GlobalSection(SolutionConfigurationPlatforms) = preSolution
		Debug|Any CPU = Debug|Any CPU
		Release|Any CPU = Release|Any CPU
	EndGlobalSection
	GlobalSection(ProjectConfigurationPlatforms) = postSolution
		{058E40F6-2A90-41B6-B560-DF3247249B4F}.Debug|Any CPU.ActiveCfg = Debug|Any CPU
		{058E40F6-2A90-41B6-B560-DF3247249B4F}.Debug|Any CPU.Build.0 = Debug|Any CPU
		{058E40F6-2A90-41B6-B560-DF3247249B4F}.Release|Any CPU.ActiveCfg = Release|Any CPU
		{058E40F6-2A90-41B6-B560-DF3247249B4F}.Release|Any CPU.Build.0 = Release|Any CPU
	EndGlobalSection
	GlobalSection(SolutionProperties) = preSolution
		HideSolutionNode = FALSE
	EndGlobalSection
	GlobalSection(ExtensibilityGlobals) = postSolution
		SolutionGuid = {CBB52B4D-3C92-4CCA-B510-B910980AEC0D}
	EndGlobalSection
EndGlobal
